
Microsoft Visual Studio Solution File, Format Version 12.00
# Visual Studio 15
VisualStudioVersion = 15.0.26730.12
MinimumVisualStudioVersion = 10.0.40219.1
Project("{FAE04EC0-301F-11D3-BF4B-00C04F79EFBC}") = "Labb2", "Labb2\Labb2.csproj", "{4CCEB743-B5A2-4C3A-9C5F-09CA62904E31}"
EndProject
Global
	GlobalSection(SolutionConfigurationPlatforms) = preSolution
		Debug|Any CPU = Debug|Any CPU
		Release|Any CPU = Release|Any CPU
	EndGlobalSection
	GlobalSection(ProjectConfigurationPlatforms) = postSolution
		{4CCEB743-B5A2-4C3A-9C5F-09CA62904E31}.Debug|Any CPU.ActiveCfg = Debug|Any CPU
		{4CCEB743-B5A2-4C3A-9C5F-09CA62904E31}.Debug|Any CPU.Build.0 = Debug|Any CPU
		{4CCEB743-B5A2-4C3A-9C5F-09CA62904E31}.Release|Any CPU.ActiveCfg = Release|Any CPU
		{4CCEB743-B5A2-4C3A-9C5F-09CA62904E31}.Release|Any CPU.Build.0 = Release|Any CPU
	EndGlobalSection
	GlobalSection(SolutionProperties) = preSolution
		HideSolutionNode = FALSE
	EndGlobalSection
	GlobalSection(ExtensibilityGlobals) = postSolution
		SolutionGuid = {E49F7893-D649-49E8-AA8A-B3DF1FA6AB20}
	EndGlobalSection
EndGlobal
